
Microsoft Visual Studio Solution File, Format Version 12.00
# Visual Studio Version 17
VisualStudioVersion = 17.10.35027.167
MinimumVisualStudioVersion = 10.0.40219.1
Project("{8BC9CEB8-8B4A-11D0-8D11-00A0C91BC942}") = "graphical_interface", "graphical_interface\graphical_interface.vcxproj", "{FDD0BCAF-74B4-4EE4-88FB-8FC02EF46B75}"
EndProject
Project("{8BC9CEB8-8B4A-11D0-8D11-00A0C91BC942}") = "Base", "Base\Base.vcxproj", "{90C0BB63-8CE8-49A6-AA95-7CD511AC42EF}"
EndProject
Project("{8BC9CEB8-8B4A-11D0-8D11-00A0C91BC942}") = "Interpreter", "Interpreter\Interpreter.vcxproj", "{B348835C-D175-4684-82B9-D4BBDDFCC35D}"
EndProject
Project("{8BC9CEB8-8B4A-11D0-8D11-00A0C91BC942}") = "Lexer", "Lexer\Lexer.vcxproj", "{F98806C9-788C-4436-82DD-F4C686A1FED2}"
EndProject
Project("{8BC9CEB8-8B4A-11D0-8D11-00A0C91BC942}") = "Postfix", "Postfix\Postfix.vcxproj", "{B527AA99-614C-4618-A29A-282778FF1DB3}"
EndProject
Project("{8BC9CEB8-8B4A-11D0-8D11-00A0C91BC942}") = "expression_evaluator", "expression_evaluator\expression_evaluator.vcxproj", "{ADD63E4A-699E-4916-AFE5-FA86F79E5DAE}"
EndProject
Project("{8BC9CEB8-8B4A-11D0-8D11-00A0C91BC942}") = "Parser", "Parser\Parser.vcxproj", "{BBDA27B2-358B-4C53-8E50-C60FC0313F53}"
EndProject
Global
	GlobalSection(SolutionConfigurationPlatforms) = preSolution
		Debug|ARM64 = Debug|ARM64
		Debug|x64 = Debug|x64
		Debug|x86 = Debug|x86
		Release|ARM64 = Release|ARM64
		Release|x64 = Release|x64
		Release|x86 = Release|x86
	EndGlobalSection
	GlobalSection(ProjectConfigurationPlatforms) = postSolution
		{FDD0BCAF-74B4-4EE4-88FB-8FC02EF46B75}.Debug|ARM64.ActiveCfg = Debug|ARM64
		{FDD0BCAF-74B4-4EE4-88FB-8FC02EF46B75}.Debug|ARM64.Build.0 = Debug|ARM64
		{FDD0BCAF-74B4-4EE4-88FB-8FC02EF46B75}.Debug|x64.ActiveCfg = Debug|x64
		{FDD0BCAF-74B4-4EE4-88FB-8FC02EF46B75}.Debug|x64.Build.0 = Debug|x64
		{FDD0BCAF-74B4-4EE4-88FB-8FC02EF46B75}.Debug|x86.ActiveCfg = Debug|Win32
		{FDD0BCAF-74B4-4EE4-88FB-8FC02EF46B75}.Debug|x86.Build.0 = Debug|Win32
		{FDD0BCAF-74B4-4EE4-88FB-8FC02EF46B75}.Release|ARM64.ActiveCfg = Release|ARM64
		{FDD0BCAF-74B4-4EE4-88FB-8FC02EF46B75}.Release|ARM64.Build.0 = Release|ARM64
		{FDD0BCAF-74B4-4EE4-88FB-8FC02EF46B75}.Release|x64.ActiveCfg = Release|x64
		{FDD0BCAF-74B4-4EE4-88FB-8FC02EF46B75}.Release|x64.Build.0 = Release|x64
		{FDD0BCAF-74B4-4EE4-88FB-8FC02EF46B75}.Release|x86.ActiveCfg = Release|Win32
		{FDD0BCAF-74B4-4EE4-88FB-8FC02EF46B75}.Release|x86.Build.0 = Release|Win32
		{90C0BB63-8CE8-49A6-AA95-7CD511AC42EF}.Debug|ARM64.ActiveCfg = Debug|ARM64
		{90C0BB63-8CE8-49A6-AA95-7CD511AC42EF}.Debug|ARM64.Build.0 = Debug|ARM64
		{90C0BB63-8CE8-49A6-AA95-7CD511AC42EF}.Debug|x64.ActiveCfg = Debug|x64
		{90C0BB63-8CE8-49A6-AA95-7CD511AC42EF}.Debug|x64.Build.0 = Debug|x64
		{90C0BB63-8CE8-49A6-AA95-7CD511AC42EF}.Debug|x86.ActiveCfg = Debug|Win32
		{90C0BB63-8CE8-49A6-AA95-7CD511AC42EF}.Debug|x86.Build.0 = Debug|Win32
		{90C0BB63-8CE8-49A6-AA95-7CD511AC42EF}.Release|ARM64.ActiveCfg = Release|ARM64
		{90C0BB63-8CE8-49A6-AA95-7CD511AC42EF}.Release|ARM64.Build.0 = Release|ARM64
		{90C0BB63-8CE8-49A6-AA95-7CD511AC42EF}.Release|x64.ActiveCfg = Release|x64
		{90C0BB63-8CE8-49A6-AA95-7CD511AC42EF}.Release|x64.Build.0 = Release|x64
		{90C0BB63-8CE8-49A6-AA95-7CD511AC42EF}.Release|x86.ActiveCfg = Release|Win32
		{90C0BB63-8CE8-49A6-AA95-7CD511AC42EF}.Release|x86.Build.0 = Release|Win32
		{B348835C-D175-4684-82B9-D4BBDDFCC35D}.Debug|ARM64.ActiveCfg = Debug|ARM64
		{B348835C-D175-4684-82B9-D4BBDDFCC35D}.Debug|ARM64.Build.0 = Debug|ARM64
		{B348835C-D175-4684-82B9-D4BBDDFCC35D}.Debug|x64.ActiveCfg = Debug|x64
		{B348835C-D175-4684-82B9-D4BBDDFCC35D}.Debug|x64.Build.0 = Debug|x64
		{B348835C-D175-4684-82B9-D4BBDDFCC35D}.Debug|x86.ActiveCfg = Debug|Win32
		{B348835C-D175-4684-82B9-D4BBDDFCC35D}.Debug|x86.Build.0 = Debug|Win32
		{B348835C-D175-4684-82B9-D4BBDDFCC35D}.Release|ARM64.ActiveCfg = Release|ARM64
		{B348835C-D175-4684-82B9-D4BBDDFCC35D}.Release|ARM64.Build.0 = Release|ARM64
		{B348835C-D175-4684-82B9-D4BBDDFCC35D}.Release|x64.ActiveCfg = Release|x64
		{B348835C-D175-4684-82B9-D4BBDDFCC35D}.Release|x64.Build.0 = Release|x64
		{B348835C-D175-4684-82B9-D4BBDDFCC35D}.Release|x86.ActiveCfg = Release|Win32
		{B348835C-D175-4684-82B9-D4BBDDFCC35D}.Release|x86.Build.0 = Release|Win32
		{F98806C9-788C-4436-82DD-F4C686A1FED2}.Debug|ARM64.ActiveCfg = Debug|ARM64
		{F98806C9-788C-4436-82DD-F4C686A1FED2}.Debug|ARM64.Build.0 = Debug|ARM64
		{F98806C9-788C-4436-82DD-F4C686A1FED2}.Debug|x64.ActiveCfg = Debug|x64
		{F98806C9-788C-4436-82DD-F4C686A1FED2}.Debug|x64.Build.0 = Debug|x64
		{F98806C9-788C-4436-82DD-F4C686A1FED2}.Debug|x86.ActiveCfg = Debug|Win32
		{F98806C9-788C-4436-82DD-F4C686A1FED2}.Debug|x86.Build.0 = Debug|Win32
		{F98806C9-788C-4436-82DD-F4C686A1FED2}.Release|ARM64.ActiveCfg = Release|ARM64
		{F98806C9-788C-4436-82DD-F4C686A1FED2}.Release|ARM64.Build.0 = Release|ARM64
		{F98806C9-788C-4436-82DD-F4C686A1FED2}.Release|x64.ActiveCfg = Release|x64
		{F98806C9-788C-4436-82DD-F4C686A1FED2}.Release|x64.Build.0 = Release|x64
		{F98806C9-788C-4436-82DD-F4C686A1FED2}.Release|x86.ActiveCfg = Release|Win32
		{F98806C9-788C-4436-82DD-F4C686A1FED2}.Release|x86.Build.0 = Release|Win32
		{B527AA99-614C-4618-A29A-282778FF1DB3}.Debug|ARM64.ActiveCfg = Debug|ARM64
		{B527AA99-614C-4618-A29A-282778FF1DB3}.Debug|ARM64.Build.0 = Debug|ARM64
		{B527AA99-614C-4618-A29A-282778FF1DB3}.Debug|x64.ActiveCfg = Debug|x64
		{B527AA99-614C-4618-A29A-282778FF1DB3}.Debug|x64.Build.0 = Debug|x64
		{B527AA99-614C-4618-A29A-282778FF1DB3}.Debug|x86.ActiveCfg = Debug|Win32
		{B527AA99-614C-4618-A29A-282778FF1DB3}.Debug|x86.Build.0 = Debug|Win32
		{B527AA99-614C-4618-A29A-282778FF1DB3}.Release|ARM64.ActiveCfg = Release|ARM64
		{B527AA99-614C-4618-A29A-282778FF1DB3}.Release|ARM64.Build.0 = Release|ARM64
		{B527AA99-614C-4618-A29A-282778FF1DB3}.Release|x64.ActiveCfg = Release|x64
		{B527AA99-614C-4618-A29A-282778FF1DB3}.Release|x64.Build.0 = Release|x64
		{B527AA99-614C-4618-A29A-282778FF1DB3}.Release|x86.ActiveCfg = Release|Win32
		{B527AA99-614C-4618-A29A-282778FF1DB3}.Release|x86.Build.0 = Release|Win32
		{ADD63E4A-699E-4916-AFE5-FA86F79E5DAE}.Debug|ARM64.ActiveCfg = Debug|x64
		{ADD63E4A-699E-4916-AFE5-FA86F79E5DAE}.Debug|ARM64.Build.0 = Debug|x64
		{ADD63E4A-699E-4916-AFE5-FA86F79E5DAE}.Debug|x64.ActiveCfg = Debug|x64
		{ADD63E4A-699E-4916-AFE5-FA86F79E5DAE}.Debug|x64.Build.0 = Debug|x64
		{ADD63E4A-699E-4916-AFE5-FA86F79E5DAE}.Debug|x86.ActiveCfg = Debug|Win32
		{ADD63E4A-699E-4916-AFE5-FA86F79E5DAE}.Debug|x86.Build.0 = Debug|Win32
		{ADD63E4A-699E-4916-AFE5-FA86F79E5DAE}.Release|ARM64.ActiveCfg = Release|x64
		{ADD63E4A-699E-4916-AFE5-FA86F79E5DAE}.Release|ARM64.Build.0 = Release|x64
		{ADD63E4A-699E-4916-AFE5-FA86F79E5DAE}.Release|x64.ActiveCfg = Release|x64
		{ADD63E4A-699E-4916-AFE5-FA86F79E5DAE}.Release|x64.Build.0 = Release|x64
		{ADD63E4A-699E-4916-AFE5-FA86F79E5DAE}.Release|x86.ActiveCfg = Release|Win32
		{ADD63E4A-699E-4916-AFE5-FA86F79E5DAE}.Release|x86.Build.0 = Release|Win32
		{BBDA27B2-358B-4C53-8E50-C60FC0313F53}.Debug|ARM64.ActiveCfg = Debug|ARM64
		{BBDA27B2-358B-4C53-8E50-C60FC0313F53}.Debug|ARM64.Build.0 = Debug|ARM64
		{BBDA27B2-358B-4C53-8E50-C60FC0313F53}.Debug|x64.ActiveCfg = Debug|x64
		{BBDA27B2-358B-4C53-8E50-C60FC0313F53}.Debug|x64.Build.0 = Debug|x64
		{BBDA27B2-358B-4C53-8E50-C60FC0313F53}.Debug|x86.ActiveCfg = Debug|Win32
		{BBDA27B2-358B-4C53-8E50-C60FC0313F53}.Debug|x86.Build.0 = Debug|Win32
		{BBDA27B2-358B-4C53-8E50-C60FC0313F53}.Release|ARM64.ActiveCfg = Release|ARM64
		{BBDA27B2-358B-4C53-8E50-C60FC0313F53}.Release|ARM64.Build.0 = Release|ARM64
		{BBDA27B2-358B-4C53-8E50-C60FC0313F53}.Release|x64.ActiveCfg = Release|x64
		{BBDA27B2-358B-4C53-8E50-C60FC0313F53}.Release|x64.Build.0 = Release|x64
		{BBDA27B2-358B-4C53-8E50-C60FC0313F53}.Release|x86.ActiveCfg = Release|Win32
		{BBDA27B2-358B-4C53-8E50-C60FC0313F53}.Release|x86.Build.0 = Release|Win32
	EndGlobalSection
	GlobalSection(SolutionProperties) = preSolution
		HideSolutionNode = FALSE
	EndGlobalSection
	GlobalSection(ExtensibilityGlobals) = postSolution
		SolutionGuid = {C052926E-735E-4D00-AAB4-473F4FCE2B26}
	EndGlobalSection
EndGlobal
